
Microsoft Visual Studio Solution File, Format Version 12.00
Project("{FAE04EC0-301F-11D3-BF4B-00C04F79EFBC}") = "OcelotApiGateway", "OcelotApiGateway\OcelotApiGateway.csproj", "{FD274074-406B-45E2-80FA-BF926B0D22FF}"
EndProject
Global
	GlobalSection(SolutionConfigurationPlatforms) = preSolution
		Debug|Any CPU = Debug|Any CPU
		Release|Any CPU = Release|Any CPU
	EndGlobalSection
	GlobalSection(ProjectConfigurationPlatforms) = postSolution
		{FD274074-406B-45E2-80FA-BF926B0D22FF}.Debug|Any CPU.ActiveCfg = Debug|Any CPU
		{FD274074-406B-45E2-80FA-BF926B0D22FF}.Debug|Any CPU.Build.0 = Debug|Any CPU
		{FD274074-406B-45E2-80FA-BF926B0D22FF}.Release|Any CPU.ActiveCfg = Release|Any CPU
		{FD274074-406B-45E2-80FA-BF926B0D22FF}.Release|Any CPU.Build.0 = Release|Any CPU
	EndGlobalSection
EndGlobal
